
Microsoft Visual Studio Solution File, Format Version 12.00
# Visual Studio Version 17
VisualStudioVersion = 17.14.36414.22 d17.14
MinimumVisualStudioVersion = 10.0.40219.1
Project("{FAE04EC0-301F-11D3-BF4B-00C04F79EFBC}") = "lb1_defence2", "lb1_defence2.csproj", "{8FE45FA5-89B2-4BF5-85F0-96CF6E578448}"
EndProject
Global
	GlobalSection(SolutionConfigurationPlatforms) = preSolution
		Debug|Any CPU = Debug|Any CPU
		Release|Any CPU = Release|Any CPU
	EndGlobalSection
	GlobalSection(ProjectConfigurationPlatforms) = postSolution
		{8FE45FA5-89B2-4BF5-85F0-96CF6E578448}.Debug|Any CPU.ActiveCfg = Debug|Any CPU
		{8FE45FA5-89B2-4BF5-85F0-96CF6E578448}.Debug|Any CPU.Build.0 = Debug|Any CPU
		{8FE45FA5-89B2-4BF5-85F0-96CF6E578448}.Release|Any CPU.ActiveCfg = Release|Any CPU
		{8FE45FA5-89B2-4BF5-85F0-96CF6E578448}.Release|Any CPU.Build.0 = Release|Any CPU
	EndGlobalSection
	GlobalSection(SolutionProperties) = preSolution
		HideSolutionNode = FALSE
	EndGlobalSection
	GlobalSection(ExtensibilityGlobals) = postSolution
		SolutionGuid = {A73FEAF9-6FBB-4228-9FA8-6B87A5456A7C}
	EndGlobalSection
EndGlobal
